
Microsoft Visual Studio Solution File, Format Version 12.00
# Visual Studio Version 17
VisualStudioVersion = 17.9.34622.214
MinimumVisualStudioVersion = 10.0.40219.1
Project("{2150E333-8FDC-42A3-9474-1A3956D46DE8}") = "source", "source", "{6D70413C-7721-4DCE-AFCC-657BD80DA05F}"
EndProject
Project("{9A19103F-16F7-4668-BE54-9A1E7A4F7556}") = "ApplicationEnglishLearning", "ApplicationEnglishLearning\ApplicationEnglishLearning.csproj", "{6A379B14-C7DB-4883-B701-3252CE5518AC}"
EndProject
Project("{2150E333-8FDC-42A3-9474-1A3956D46DE8}") = "Data", "Data", "{7CBFEEEA-24BA-42E9-8199-537A05C108EF}"
EndProject
Project("{9A19103F-16F7-4668-BE54-9A1E7A4F7556}") = "Entities", "Entities\Entities.csproj", "{3DAF7086-520F-4E4F-8122-8685DA50161C}"
EndProject
Project("{9A19103F-16F7-4668-BE54-9A1E7A4F7556}") = "ContextDataBase", "ContextDataBase\ContextDataBase.csproj", "{9F6C71FC-9F00-4DA5-8E9F-5926FFFAD0A4}"
EndProject
Project("{9A19103F-16F7-4668-BE54-9A1E7A4F7556}") = "DataBaseServices", "DataBaseServices\DataBaseServices.csproj", "{1715CEDB-472E-4CEA-8B96-D892DF74E9DC}"
EndProject
Project("{2150E333-8FDC-42A3-9474-1A3956D46DE8}") = "Tests", "Tests", "{ED2F5635-DC48-481F-8AFB-B8C6366B95BE}"
EndProject
Project("{9A19103F-16F7-4668-BE54-9A1E7A4F7556}") = "DataBaseTests", "DataBaseTests\DataBaseTests.csproj", "{E2EE6751-669E-473D-ACF8-B3C608AB5C8E}"
EndProject
Project("{9A19103F-16F7-4668-BE54-9A1E7A4F7556}") = "Repository", "Repository\Repository.csproj", "{AB0EBE9C-F0D7-4E98-AE97-243E968487E7}"
EndProject
Project("{FAE04EC0-301F-11D3-BF4B-00C04F79EFBC}") = "Infrastructure", "Infrastructure\Infrastructure.csproj", "{432AA23D-73CE-41B8-8CF4-D7DE5E7F70D0}"
EndProject
Project("{FAE04EC0-301F-11D3-BF4B-00C04F79EFBC}") = "LogInTests", "LogInTests\LogInTests.csproj", "{B6294C70-2431-4F66-B220-BF8E34CBD099}"
EndProject
Global
	GlobalSection(SolutionConfigurationPlatforms) = preSolution
		Debug|Any CPU = Debug|Any CPU
		Release|Any CPU = Release|Any CPU
	EndGlobalSection
	GlobalSection(ProjectConfigurationPlatforms) = postSolution
		{6A379B14-C7DB-4883-B701-3252CE5518AC}.Debug|Any CPU.ActiveCfg = Debug|Any CPU
		{6A379B14-C7DB-4883-B701-3252CE5518AC}.Debug|Any CPU.Build.0 = Debug|Any CPU
		{6A379B14-C7DB-4883-B701-3252CE5518AC}.Release|Any CPU.ActiveCfg = Release|Any CPU
		{6A379B14-C7DB-4883-B701-3252CE5518AC}.Release|Any CPU.Build.0 = Release|Any CPU
		{3DAF7086-520F-4E4F-8122-8685DA50161C}.Debug|Any CPU.ActiveCfg = Debug|Any CPU
		{3DAF7086-520F-4E4F-8122-8685DA50161C}.Debug|Any CPU.Build.0 = Debug|Any CPU
		{3DAF7086-520F-4E4F-8122-8685DA50161C}.Release|Any CPU.ActiveCfg = Release|Any CPU
		{3DAF7086-520F-4E4F-8122-8685DA50161C}.Release|Any CPU.Build.0 = Release|Any CPU
		{9F6C71FC-9F00-4DA5-8E9F-5926FFFAD0A4}.Debug|Any CPU.ActiveCfg = Debug|Any CPU
		{9F6C71FC-9F00-4DA5-8E9F-5926FFFAD0A4}.Debug|Any CPU.Build.0 = Debug|Any CPU
		{9F6C71FC-9F00-4DA5-8E9F-5926FFFAD0A4}.Release|Any CPU.ActiveCfg = Release|Any CPU
		{9F6C71FC-9F00-4DA5-8E9F-5926FFFAD0A4}.Release|Any CPU.Build.0 = Release|Any CPU
		{1715CEDB-472E-4CEA-8B96-D892DF74E9DC}.Debug|Any CPU.ActiveCfg = Debug|Any CPU
		{1715CEDB-472E-4CEA-8B96-D892DF74E9DC}.Debug|Any CPU.Build.0 = Debug|Any CPU
		{1715CEDB-472E-4CEA-8B96-D892DF74E9DC}.Release|Any CPU.ActiveCfg = Release|Any CPU
		{1715CEDB-472E-4CEA-8B96-D892DF74E9DC}.Release|Any CPU.Build.0 = Release|Any CPU
		{E2EE6751-669E-473D-ACF8-B3C608AB5C8E}.Debug|Any CPU.ActiveCfg = Debug|Any CPU
		{E2EE6751-669E-473D-ACF8-B3C608AB5C8E}.Debug|Any CPU.Build.0 = Debug|Any CPU
		{E2EE6751-669E-473D-ACF8-B3C608AB5C8E}.Release|Any CPU.ActiveCfg = Release|Any CPU
		{E2EE6751-669E-473D-ACF8-B3C608AB5C8E}.Release|Any CPU.Build.0 = Release|Any CPU
		{AB0EBE9C-F0D7-4E98-AE97-243E968487E7}.Debug|Any CPU.ActiveCfg = Debug|Any CPU
		{AB0EBE9C-F0D7-4E98-AE97-243E968487E7}.Debug|Any CPU.Build.0 = Debug|Any CPU
		{AB0EBE9C-F0D7-4E98-AE97-243E968487E7}.Release|Any CPU.ActiveCfg = Release|Any CPU
		{AB0EBE9C-F0D7-4E98-AE97-243E968487E7}.Release|Any CPU.Build.0 = Release|Any CPU
		{432AA23D-73CE-41B8-8CF4-D7DE5E7F70D0}.Debug|Any CPU.ActiveCfg = Debug|Any CPU
		{432AA23D-73CE-41B8-8CF4-D7DE5E7F70D0}.Debug|Any CPU.Build.0 = Debug|Any CPU
		{432AA23D-73CE-41B8-8CF4-D7DE5E7F70D0}.Release|Any CPU.ActiveCfg = Release|Any CPU
		{432AA23D-73CE-41B8-8CF4-D7DE5E7F70D0}.Release|Any CPU.Build.0 = Release|Any CPU
		{B6294C70-2431-4F66-B220-BF8E34CBD099}.Debug|Any CPU.ActiveCfg = Debug|Any CPU
		{B6294C70-2431-4F66-B220-BF8E34CBD099}.Debug|Any CPU.Build.0 = Debug|Any CPU
		{B6294C70-2431-4F66-B220-BF8E34CBD099}.Release|Any CPU.ActiveCfg = Release|Any CPU
		{B6294C70-2431-4F66-B220-BF8E34CBD099}.Release|Any CPU.Build.0 = Release|Any CPU
	EndGlobalSection
	GlobalSection(SolutionProperties) = preSolution
		HideSolutionNode = FALSE
	EndGlobalSection
	GlobalSection(NestedProjects) = preSolution
		{6A379B14-C7DB-4883-B701-3252CE5518AC} = {6D70413C-7721-4DCE-AFCC-657BD80DA05F}
		{7CBFEEEA-24BA-42E9-8199-537A05C108EF} = {6D70413C-7721-4DCE-AFCC-657BD80DA05F}
		{3DAF7086-520F-4E4F-8122-8685DA50161C} = {7CBFEEEA-24BA-42E9-8199-537A05C108EF}
		{9F6C71FC-9F00-4DA5-8E9F-5926FFFAD0A4} = {7CBFEEEA-24BA-42E9-8199-537A05C108EF}
		{1715CEDB-472E-4CEA-8B96-D892DF74E9DC} = {7CBFEEEA-24BA-42E9-8199-537A05C108EF}
		{ED2F5635-DC48-481F-8AFB-B8C6366B95BE} = {6D70413C-7721-4DCE-AFCC-657BD80DA05F}
		{E2EE6751-669E-473D-ACF8-B3C608AB5C8E} = {ED2F5635-DC48-481F-8AFB-B8C6366B95BE}
		{AB0EBE9C-F0D7-4E98-AE97-243E968487E7} = {7CBFEEEA-24BA-42E9-8199-537A05C108EF}
		{432AA23D-73CE-41B8-8CF4-D7DE5E7F70D0} = {6D70413C-7721-4DCE-AFCC-657BD80DA05F}
		{B6294C70-2431-4F66-B220-BF8E34CBD099} = {ED2F5635-DC48-481F-8AFB-B8C6366B95BE}
	EndGlobalSection
	GlobalSection(ExtensibilityGlobals) = postSolution
		SolutionGuid = {80A032ED-0B26-41F8-9EBC-1C7EBF03E4C3}
	EndGlobalSection
EndGlobal
